// !$*UTF8*$!
{
	archiveVersion = 1;
	classes = {
	};
	objectVersion = 46;
	objects = {

/* Begin PBXBuildFile section */
		363AA9821D53D12900666913 /* AppDelegate.swift in Sources */ = {isa = PBXBuildFile; fileRef = 363AA9811D53D12900666913 /* AppDelegate.swift */; };
		363AA9841D53D12900666913 /* MasterViewController.swift in Sources */ = {isa = PBXBuildFile; fileRef = 363AA9831D53D12900666913 /* MasterViewController.swift */; };
		363AA9861D53D12900666913 /* DetailViewController.swift in Sources */ = {isa = PBXBuildFile; fileRef = 363AA9851D53D12900666913 /* DetailViewController.swift */; };
		363AA9891D53D12900666913 /* Main.storyboard in Resources */ = {isa = PBXBuildFile; fileRef = 363AA9871D53D12900666913 /* Main.storyboard */; };
		363AA98B1D53D12900666913 /* Assets.xcassets in Resources */ = {isa = PBXBuildFile; fileRef = 363AA98A1D53D12900666913 /* Assets.xcassets */; };
		363AA98E1D53D12900666913 /* LaunchScreen.storyboard in Resources */ = {isa = PBXBuildFile; fileRef = 363AA98C1D53D12900666913 /* LaunchScreen.storyboard */; };
/* End PBXBuildFile section */

/* Begin PBXFileReference section */
		363AA97E1D53D12900666913 /* TestApptimize.app */ = {isa = PBXFileReference; explicitFileType = wrapper.application; includeInIndex = 0; path = TestApptimize.app; sourceTree = BUILT_PRODUCTS_DIR; };
		363AA9811D53D12900666913 /* AppDelegate.swift */ = {isa = PBXFileReference; lastKnownFileType = sourcecode.swift; path = AppDelegate.swift; sourceTree = "<group>"; };
		363AA9831D53D12900666913 /* MasterViewController.swift */ = {isa = PBXFileReference; lastKnownFileType = sourcecode.swift; path = MasterViewController.swift; sourceTree = "<group>"; };
		363AA9851D53D12900666913 /* DetailViewController.swift */ = {isa = PBXFileReference; lastKnownFileType = sourcecode.swift; path = DetailViewController.swift; sourceTree = "<group>"; };
		363AA9881D53D12900666913 /* Base */ = {isa = PBXFileReference; lastKnownFileType = file.storyboard; name = Base; path = Base.lproj/Main.storyboard; sourceTree = "<group>"; };
		363AA98A1D53D12900666913 /* Assets.xcassets */ = {isa = PBXFileReference; lastKnownFileType = folder.assetcatalog; path = Assets.xcassets; sourceTree = "<group>"; };
		363AA98D1D53D12900666913 /* Base */ = {isa = PBXFileReference; lastKnownFileType = file.storyboard; name = Base; path = Base.lproj/LaunchScreen.storyboard; sourceTree = "<group>"; };
		363AA98F1D53D12900666913 /* Info.plist */ = {isa = PBXFileReference; lastKnownFileType = text.plist.xml; path = Info.plist; sourceTree = "<group>"; };
/* End PBXFileReference section */

/* Begin PBXFrameworksBuildPhase section */
		363AA97B1D53D12900666913 /* Frameworks */ = {
			isa = PBXFrameworksBuildPhase;
			buildActionMask = 2147483647;
			files = (
			);
			runOnlyForDeploymentPostprocessing = 0;
		};
/* End PBXFrameworksBuildPhase section */

/* Begin PBXGroup section */
		363AA9751D53D12900666913 = {
			isa = PBXGroup;
			children = (
				363AA9801D53D12900666913 /* TestApptimize */,
				363AA97F1D53D12900666913 /* Products */,
			);
			sourceTree = "<group>";
		};
		363AA97F1D53D12900666913 /* Products */ = {
			isa = PBXGroup;
			children = (
				363AA97E1D53D12900666913 /* TestApptimize.app */,
			);
			name = Products;
			sourceTree = "<group>";
		};
		363AA9801D53D12900666913 /* TestApptimize */ = {
			isa = PBXGroup;
			children = (
				363AA9811D53D12900666913 /* AppDelegate.swift */,
				363AA9831D53D12900666913 /* MasterViewController.swift */,
				363AA9851D53D12900666913 /* DetailViewController.swift */,
				363AA9871D53D12900666913 /* Main.storyboard */,
				363AA98A1D53D12900666913 /* Assets.xcassets */,
				363AA98C1D53D12900666913 /* LaunchScreen.storyboard */,
				363AA98F1D53D12900666913 /* Info.plist */,
			);
			path = TestApptimize;
			sourceTree = "<group>";
		};
/* End PBXGroup section */

/* Begin PBXNativeTarget section */
		363AA97D1D53D12900666913 /* TestApptimize */ = {
			isa = PBXNativeTarget;
			buildConfigurationList = 363AA9921D53D12900666913 /* Build configuration list for PBXNativeTarget "TestApptimize" */;
			buildPhases = (
				363AA97A1D53D12900666913 /* Sources */,
				363AA97B1D53D12900666913 /* Frameworks */,
				363AA97C1D53D12900666913 /* Resources */,
			);
			buildRules = (
			);
			dependencies = (
			);
			name = TestApptimize;
			productName = TestApptimize;
			productReference = 363AA97E1D53D12900666913 /* TestApptimize.app */;
			productType = "com.apple.product-type.application";
		};
/* End PBXNativeTarget section */

/* Begin PBXProject section */
		363AA9761D53D12900666913 /* Project object */ = {
			isa = PBXProject;
			attributes = {
				LastSwiftUpdateCheck = 0730;
				LastUpgradeCheck = 0730;
				ORGANIZATIONNAME = "Mike Silvis";
				TargetAttributes = {
					363AA97D1D53D12900666913 = {
						CreatedOnToolsVersion = 7.3.1;
					};
				};
			};
			buildConfigurationList = 363AA9791D53D12900666913 /* Build configuration list for PBXProject "TestApptimize" */;
			compatibilityVersion = "Xcode 3.2";
			developmentRegion = English;
			hasScannedForEncodings = 0;
			knownRegions = (
				en,
				Base,
			);
			mainGroup = 363AA9751D53D12900666913;
			productRefGroup = 363AA97F1D53D12900666913 /* Products */;
			projectDirPath = "";
			projectRoot = "";
			targets = (
				363AA97D1D53D12900666913 /* TestApptimize */,
			);
		};
/* End PBXProject section */

/* Begin PBXResourcesBuildPhase section */
		363AA97C1D53D12900666913 /* Resources */ = {
			isa = PBXResourcesBuildPhase;
			buildActionMask = 2147483647;
			files = (
				363AA98E1D53D12900666913 /* LaunchScreen.storyboard in Resources */,
				363AA98B1D53D12900666913 /* Assets.xcassets in Resources */,
				363AA9891D53D12900666913 /* Main.storyboard in Resources */,
			);
			runOnlyForDeploymentPostprocessing = 0;
		};
/* End PBXResourcesBuildPhase section */

/* Begin PBXSourcesBuildPhase section */
		363AA97A1D53D12900666913 /* Sources */ = {
			isa = PBXSourcesBuildPhase;
			buildActionMask = 2147483647;
			files = (
				363AA9861D53D12900666913 /* DetailViewController.swift in Sources */,
				363AA9841D53D12900666913 /* MasterViewController.swift in Sources */,
				363AA9821D53D12900666913 /* AppDelegate.swift in Sources */,
			);
			runOnlyForDeploymentPostprocessing = 0;
		};
/* End PBXSourcesBuildPhase section */

/* Begin PBXVariantGroup section */
		363AA9871D53D12900666913 /* Main.storyboard */ = {
			isa = PBXVariantGroup;
			children = (
				363AA9881D53D12900666913 /* Base */,
			);
			name = Main.storyboard;
			sourceTree = "<group>";
		};
		363AA98C1D53D12900666913 /* LaunchScreen.storyboard */ = {
			isa = PBXVariantGroup;
			children = (
				363AA98D1D53D12900666913 /* Base */,
			);
			name = LaunchScreen.storyboard;
			sourceTree = "<group>";
		};
/* End PBXVariantGroup section */

/* Begin XCBuildConfiguration section */
		363AA9901D53D12900666913 /* Debug */ = {
			isa = XCBuildConfiguration;
			buildSettings = {
				ALWAYS_SEARCH_USER_PATHS = NO;
				CLANG_ANALYZER_NONNULL = YES;
				CLANG_CXX_LANGUAGE_STANDARD = "gnu++0x";
				CLANG_CXX_LIBRARY = "libc++";
				CLANG_ENABLE_MODULES = YES;
				CLANG_ENABLE_OBJC_ARC = YES;
				CLANG_WARN_BOOL_CONVERSION = YES;
				CLANG_WARN_CONSTANT_CONVERSION = YES;
				CLANG_WARN_DIRECT_OBJC_ISA_USAGE = YES_ERROR;
				CLANG_WARN_EMPTY_BODY = YES;
				CLANG_WARN_ENUM_CONVERSION = YES;
				CLANG_WARN_INT_CONVERSION = YES;
				CLANG_WARN_OBJC_ROOT_CLASS = YES_ERROR;
				CLANG_WARN_UNREACHABLE_CODE = YES;
				CLANG_WARN__DUPLICATE_METHOD_MATCH = YES;
				"CODE_SIGN_IDENTITY[sdk=iphoneos*]" = "iPhone Developer";
				COPY_PHASE_STRIP = NO;
				DEBUG_INFORMATION_FORMAT = dwarf;
				ENABLE_STRICT_OBJC_MSGSEND = YES;
				ENABLE_TESTABILITY = YES;
				GCC_C_LANGUAGE_STANDARD = gnu99;
				GCC_DYNAMIC_NO_PIC = NO;
				GCC_NO_COMMON_BLOCKS = YES;
				GCC_OPTIMIZATION_LEVEL = 0;
				GCC_PREPROCESSOR_DEFINITIONS = (
					"DEBUG=1",
					"$(inherited)",
				);
				GCC_WARN_64_TO_32_BIT_CONVERSION = YES;
				GCC_WARN_ABOUT_RETURN_TYPE = YES_ERROR;
				GCC_WARN_UNDECLARED_SELECTOR = YES;
				GCC_WARN_UNINITIALIZED_AUTOS = YES_AGGRESSIVE;
				GCC_WARN_UNUSED_FUNCTION = YES;
				GCC_WARN_UNUSED_VARIABLE = YES;
				IPHONEOS_DEPLOYMENT_TARGET = 9.3;
				MTL_ENABLE_DEBUG_INFO = YES;
				ONLY_ACTIVE_ARCH = YES;
				SDKROOT = iphoneos;
				SWIFT_OPTIMIZATION_LEVEL = "-Onone";
				TARGETED_DEVICE_FAMILY = "1,2";
			};
			name = Debug;
		};
		363AA9911D53D12900666913 /* Release */ = {
			isa = XCBuildConfiguration;
			buildSettings = {
				ALWAYS_SEARCH_USER_PATHS = NO;
				CLANG_ANALYZER_NONNULL = YES;
				CLANG_CXX_LANGUAGE_STANDARD = "gnu++0x";
				CLANG_CXX_LIBRARY = "libc++";
				CLANG_ENABLE_MODULES = YES;
				CLANG_ENABLE_OBJC_ARC = YES;
				CLANG_WARN_BOOL_CONVERSION = YES;
				CLANG_WARN_CONSTANT_CONVERSION = YES;
				CLANG_WARN_DIRECT_OBJC_ISA_USAGE = YES_ERROR;
				CLANG_WARN_EMPTY_BODY = YES;
				CLANG_WARN_ENUM_CONVERSION = YES;
				CLANG_WARN_INT_CONVERSION = YES;
				CLANG_WARN_OBJC_ROOT_CLASS = YES_ERROR;
				CLANG_WARN_UNREACHABLE_CODE = YES;
				CLANG_WARN__DUPLICATE_METHOD_MATCH = YES;
				"CODE_SIGN_IDENTITY[sdk=iphoneos*]" = "iPhone Developer";
				COPY_PHASE_STRIP = NO;
				DEBUG_INFORMATION_FORMAT = "dwarf-with-dsym";
				ENABLE_NS_ASSERTIONS = NO;
				ENABLE_STRICT_OBJC_MSGSEND = YES;
				GCC_C_LANGUAGE_STANDARD = gnu99;
				GCC_NO_COMMON_BLOCKS = YES;
				GCC_WARN_64_TO_32_BIT_CONVERSION = YES;
				GCC_WARN_ABOUT_RETURN_TYPE = YES_ERROR;
				GCC_WARN_UNDECLARED_SELECTOR = YES;
				GCC_WARN_UNINITIALIZED_AUTOS = YES_AGGRESSIVE;
				GCC_WARN_UNUSED_FUNCTION = YES;
				GCC_WARN_UNUSED_VARIABLE = YES;
				IPHONEOS_DEPLOYMENT_TARGET = 9.3;
				MTL_ENABLE_DEBUG_INFO = NO;
				SDKROOT = iphoneos;
				TARGETED_DEVICE_FAMILY = "1,2";
				VALIDATE_PRODUCT = YES;
			};
			name = Release;
		};
		363AA9931D53D12900666913 /* Debug */ = {
			isa = XCBuildConfiguration;
			buildSettings = {
				ASSETCATALOG_COMPILER_APPICON_NAME = AppIcon;
				INFOPLIST_FILE = TestApptimize/Info.plist;
				LD_RUNPATH_SEARCH_PATHS = "$(inherited) @executable_path/Frameworks";
				PRODUCT_BUNDLE_IDENTIFIER = silvisions.TestApptimize;
				PRODUCT_NAME = "$(TARGET_NAME)";
			};
			name = Debug;
		};
		363AA9941D53D12900666913 /* Release */ = {
			isa = XCBuildConfiguration;
			buildSettings = {
				ASSETCATALOG_COMPILER_APPICON_NAME = AppIcon;
				INFOPLIST_FILE = TestApptimize/Info.plist;
				LD_RUNPATH_SEARCH_PATHS = "$(inherited) @executable_path/Frameworks";
				PRODUCT_BUNDLE_IDENTIFIER = silvisions.TestApptimize;
				PRODUCT_NAME = "$(TARGET_NAME)";
			};
			name = Release;
		};
/* End XCBuildConfiguration section */

/* Begin XCConfigurationList section */
		363AA9791D53D12900666913 /* Build configuration list for PBXProject "TestApptimize" */ = {
			isa = XCConfigurationList;
			buildConfigurations = (
				363AA9901D53D12900666913 /* Debug */,
				363AA9911D53D12900666913 /* Release */,
			);
			defaultConfigurationIsVisible = 0;
			defaultConfigurationName = Release;
		};
		363AA9921D53D12900666913 /* Build configuration list for PBXNativeTarget "TestApptimize" */ = {
			isa = XCConfigurationList;
			buildConfigurations = (
				363AA9931D53D12900666913 /* Debug */,
				363AA9941D53D12900666913 /* Release */,
			);
			defaultConfigurationIsVisible = 0;
		};
/* End XCConfigurationList section */
	};
	rootObject = 363AA9761D53D12900666913 /* Project object */;
}
